
Microsoft Visual Studio Solution File, Format Version 12.00
# Visual Studio Version 17
VisualStudioVersion = 17.11.35327.3
MinimumVisualStudioVersion = 10.0.40219.1
Project("{FAE04EC0-301F-11D3-BF4B-00C04F79EFBC}") = "OpenHardwareMonitorLib", "..\openhardwaremonitor\OpenHardwareMonitorLib.csproj", "{B0397530-545A-471D-BB74-027AE456DF1A}"
EndProject
Project("{FAE04EC0-301F-11D3-BF4B-00C04F79EFBC}") = "ComputerMonitorApp", "ComputerMonitorApp\ComputerMonitorApp.csproj", "{4AB91D99-27AF-4B12-9650-42E2F2BA7A12}"
EndProject
Project("{FAE04EC0-301F-11D3-BF4B-00C04F79EFBC}") = "ConsoleApp", "ConsoleApp\ConsoleApp.csproj", "{CF51AF1A-1AA4-4E67-869C-D5E71D5824A5}"
EndProject
Project("{2150E333-8FDC-42A3-9474-1A3956D46DE8}") = "Test", "Test", "{0C88DD14-F956-CE84-757C-A364CCF449FC}"
EndProject
Project("{FAE04EC0-301F-11D3-BF4B-00C04F79EFBC}") = "WindowsFormsApp", "WindowsFormsApp\WindowsFormsApp.csproj", "{8D246809-D731-478C-BF00-6E94FA01C8EF}"
EndProject
Global
	GlobalSection(SolutionConfigurationPlatforms) = preSolution
		Debug|Any CPU = Debug|Any CPU
		Release|Any CPU = Release|Any CPU
	EndGlobalSection
	GlobalSection(ProjectConfigurationPlatforms) = postSolution
		{B0397530-545A-471D-BB74-027AE456DF1A}.Debug|Any CPU.ActiveCfg = Debug|Any CPU
		{B0397530-545A-471D-BB74-027AE456DF1A}.Debug|Any CPU.Build.0 = Debug|Any CPU
		{B0397530-545A-471D-BB74-027AE456DF1A}.Release|Any CPU.ActiveCfg = Release|Any CPU
		{B0397530-545A-471D-BB74-027AE456DF1A}.Release|Any CPU.Build.0 = Release|Any CPU
		{4AB91D99-27AF-4B12-9650-42E2F2BA7A12}.Debug|Any CPU.ActiveCfg = Debug|Any CPU
		{4AB91D99-27AF-4B12-9650-42E2F2BA7A12}.Debug|Any CPU.Build.0 = Debug|Any CPU
		{4AB91D99-27AF-4B12-9650-42E2F2BA7A12}.Release|Any CPU.ActiveCfg = Release|Any CPU
		{4AB91D99-27AF-4B12-9650-42E2F2BA7A12}.Release|Any CPU.Build.0 = Release|Any CPU
		{CF51AF1A-1AA4-4E67-869C-D5E71D5824A5}.Debug|Any CPU.ActiveCfg = Debug|Any CPU
		{CF51AF1A-1AA4-4E67-869C-D5E71D5824A5}.Debug|Any CPU.Build.0 = Debug|Any CPU
		{CF51AF1A-1AA4-4E67-869C-D5E71D5824A5}.Release|Any CPU.ActiveCfg = Release|Any CPU
		{CF51AF1A-1AA4-4E67-869C-D5E71D5824A5}.Release|Any CPU.Build.0 = Release|Any CPU
		{8D246809-D731-478C-BF00-6E94FA01C8EF}.Debug|Any CPU.ActiveCfg = Debug|Any CPU
		{8D246809-D731-478C-BF00-6E94FA01C8EF}.Debug|Any CPU.Build.0 = Debug|Any CPU
		{8D246809-D731-478C-BF00-6E94FA01C8EF}.Release|Any CPU.ActiveCfg = Release|Any CPU
		{8D246809-D731-478C-BF00-6E94FA01C8EF}.Release|Any CPU.Build.0 = Release|Any CPU
	EndGlobalSection
	GlobalSection(SolutionProperties) = preSolution
		HideSolutionNode = FALSE
	EndGlobalSection
	GlobalSection(NestedProjects) = preSolution
		{8D246809-D731-478C-BF00-6E94FA01C8EF} = {0C88DD14-F956-CE84-757C-A364CCF449FC}
	EndGlobalSection
	GlobalSection(ExtensibilityGlobals) = postSolution
		SolutionGuid = {E6F1B755-4E2F-4A93-9FBF-89B92A371A4A}
	EndGlobalSection
EndGlobal
